// !$*UTF8*$!
{
	archiveVersion = 1;
	classes = {
	};
	objectVersion = 55;
	objects = {

/* Begin PBXBuildFile section */
		3AFCFB7A285368C600220ED8 /* AppDelegate.swift in Sources */ = {isa = PBXBuildFile; fileRef = 3AFCFB79285368C600220ED8 /* AppDelegate.swift */; };
		3AFCFB7C285368C600220ED8 /* SceneDelegate.swift in Sources */ = {isa = PBXBuildFile; fileRef = 3AFCFB7B285368C600220ED8 /* SceneDelegate.swift */; };
		3AFCFB83285368C700220ED8 /* Assets.xcassets in Resources */ = {isa = PBXBuildFile; fileRef = 3AFCFB82285368C700220ED8 /* Assets.xcassets */; };
		3AFCFB86285368C700220ED8 /* LaunchScreen.storyboard in Resources */ = {isa = PBXBuildFile; fileRef = 3AFCFB84285368C700220ED8 /* LaunchScreen.storyboard */; };
		3AFCFB92285369E700220ED8 /* PasscodeVC.storyboard in Resources */ = {isa = PBXBuildFile; fileRef = 3AFCFB91285369E700220ED8 /* PasscodeVC.storyboard */; };
		3AFCFB94285369F100220ED8 /* PasscodeVC.swift in Sources */ = {isa = PBXBuildFile; fileRef = 3AFCFB93285369F100220ED8 /* PasscodeVC.swift */; };
		3AFCFB96285369FC00220ED8 /* PasscodeVM.swift in Sources */ = {isa = PBXBuildFile; fileRef = 3AFCFB95285369FC00220ED8 /* PasscodeVM.swift */; };
		3AFCFB9828536A0F00220ED8 /* FoodView.swift in Sources */ = {isa = PBXBuildFile; fileRef = 3AFCFB9728536A0F00220ED8 /* FoodView.swift */; };
		3AFCFB9B28536A1E00220ED8 /* MainNC.storyboard in Resources */ = {isa = PBXBuildFile; fileRef = 3AFCFB9A28536A1E00220ED8 /* MainNC.storyboard */; };
		3AFCFB9D28536A2500220ED8 /* MainNC.swift in Sources */ = {isa = PBXBuildFile; fileRef = 3AFCFB9C28536A2500220ED8 /* MainNC.swift */; };
		3AFCFB9F28536A5800220ED8 /* FoodVM.swift in Sources */ = {isa = PBXBuildFile; fileRef = 3AFCFB9E28536A5800220ED8 /* FoodVM.swift */; };
		3AFCFBA128536AAE00220ED8 /* PFoodVM.swift in Sources */ = {isa = PBXBuildFile; fileRef = 3AFCFBA028536AAE00220ED8 /* PFoodVM.swift */; };
		3AFCFBA328536ADD00220ED8 /* PPasscodeVM.swift in Sources */ = {isa = PBXBuildFile; fileRef = 3AFCFBA228536ADD00220ED8 /* PPasscodeVM.swift */; };
/* End PBXBuildFile section */

/* Begin PBXFileReference section */
		3AFCFB76285368C600220ED8 /* ConferoTT.app */ = {isa = PBXFileReference; explicitFileType = wrapper.application; includeInIndex = 0; path = ConferoTT.app; sourceTree = BUILT_PRODUCTS_DIR; };
		3AFCFB79285368C600220ED8 /* AppDelegate.swift */ = {isa = PBXFileReference; lastKnownFileType = sourcecode.swift; path = AppDelegate.swift; sourceTree = "<group>"; };
		3AFCFB7B285368C600220ED8 /* SceneDelegate.swift */ = {isa = PBXFileReference; lastKnownFileType = sourcecode.swift; path = SceneDelegate.swift; sourceTree = "<group>"; };
		3AFCFB82285368C700220ED8 /* Assets.xcassets */ = {isa = PBXFileReference; lastKnownFileType = folder.assetcatalog; path = Assets.xcassets; sourceTree = "<group>"; };
		3AFCFB85285368C700220ED8 /* Base */ = {isa = PBXFileReference; lastKnownFileType = file.storyboard; name = Base; path = Base.lproj/LaunchScreen.storyboard; sourceTree = "<group>"; };
		3AFCFB87285368C700220ED8 /* Info.plist */ = {isa = PBXFileReference; lastKnownFileType = text.plist.xml; path = Info.plist; sourceTree = "<group>"; };
		3AFCFB91285369E700220ED8 /* PasscodeVC.storyboard */ = {isa = PBXFileReference; lastKnownFileType = file.storyboard; path = PasscodeVC.storyboard; sourceTree = "<group>"; };
		3AFCFB93285369F100220ED8 /* PasscodeVC.swift */ = {isa = PBXFileReference; lastKnownFileType = sourcecode.swift; path = PasscodeVC.swift; sourceTree = "<group>"; };
		3AFCFB95285369FC00220ED8 /* PasscodeVM.swift */ = {isa = PBXFileReference; lastKnownFileType = sourcecode.swift; path = PasscodeVM.swift; sourceTree = "<group>"; };
		3AFCFB9728536A0F00220ED8 /* FoodView.swift */ = {isa = PBXFileReference; lastKnownFileType = sourcecode.swift; path = FoodView.swift; sourceTree = "<group>"; };
		3AFCFB9A28536A1E00220ED8 /* MainNC.storyboard */ = {isa = PBXFileReference; lastKnownFileType = file.storyboard; path = MainNC.storyboard; sourceTree = "<group>"; };
		3AFCFB9C28536A2500220ED8 /* MainNC.swift */ = {isa = PBXFileReference; lastKnownFileType = sourcecode.swift; path = MainNC.swift; sourceTree = "<group>"; };
		3AFCFB9E28536A5800220ED8 /* FoodVM.swift */ = {isa = PBXFileReference; lastKnownFileType = sourcecode.swift; path = FoodVM.swift; sourceTree = "<group>"; };
		3AFCFBA028536AAE00220ED8 /* PFoodVM.swift */ = {isa = PBXFileReference; lastKnownFileType = sourcecode.swift; path = PFoodVM.swift; sourceTree = "<group>"; };
		3AFCFBA228536ADD00220ED8 /* PPasscodeVM.swift */ = {isa = PBXFileReference; lastKnownFileType = sourcecode.swift; path = PPasscodeVM.swift; sourceTree = "<group>"; };
/* End PBXFileReference section */

/* Begin PBXFrameworksBuildPhase section */
		3AFCFB73285368C600220ED8 /* Frameworks */ = {
			isa = PBXFrameworksBuildPhase;
			buildActionMask = 2147483647;
			files = (
			);
			runOnlyForDeploymentPostprocessing = 0;
		};
/* End PBXFrameworksBuildPhase section */

/* Begin PBXGroup section */
		3AFCFB6B285368A900220ED8 = {
			isa = PBXGroup;
			children = (
				3AFCFB78285368C600220ED8 /* ConferoTT */,
				3AFCFB77285368C600220ED8 /* Products */,
			);
			sourceTree = "<group>";
		};
		3AFCFB77285368C600220ED8 /* Products */ = {
			isa = PBXGroup;
			children = (
				3AFCFB76285368C600220ED8 /* ConferoTT.app */,
			);
			name = Products;
			sourceTree = "<group>";
		};
		3AFCFB78285368C600220ED8 /* ConferoTT */ = {
			isa = PBXGroup;
			children = (
				3AFCFB8B285368CD00220ED8 /* Sources */,
				3AFCFB8C285368D700220ED8 /* Resources */,
			);
			path = ConferoTT;
			sourceTree = "<group>";
		};
		3AFCFB8B285368CD00220ED8 /* Sources */ = {
			isa = PBXGroup;
			children = (
				3AFCFB79285368C600220ED8 /* AppDelegate.swift */,
				3AFCFB7B285368C600220ED8 /* SceneDelegate.swift */,
				3AFCFB8E285369C200220ED8 /* Screens */,
			);
			path = Sources;
			sourceTree = "<group>";
		};
		3AFCFB8C285368D700220ED8 /* Resources */ = {
			isa = PBXGroup;
			children = (
				3AFCFB84285368C700220ED8 /* LaunchScreen.storyboard */,
				3AFCFB82285368C700220ED8 /* Assets.xcassets */,
				3AFCFB87285368C700220ED8 /* Info.plist */,
			);
			path = Resources;
			sourceTree = "<group>";
		};
		3AFCFB8E285369C200220ED8 /* Screens */ = {
			isa = PBXGroup;
			children = (
				3AFCFB9928536A1300220ED8 /* Main */,
				3AFCFB90285369D000220ED8 /* Food */,
				3AFCFB8F285369C800220ED8 /* Passcode */,
			);
			path = Screens;
			sourceTree = "<group>";
		};
		3AFCFB8F285369C800220ED8 /* Passcode */ = {
			isa = PBXGroup;
			children = (
				3AFCFB91285369E700220ED8 /* PasscodeVC.storyboard */,
				3AFCFB93285369F100220ED8 /* PasscodeVC.swift */,
				3AFCFB95285369FC00220ED8 /* PasscodeVM.swift */,
				3AFCFBA228536ADD00220ED8 /* PPasscodeVM.swift */,
			);
			path = Passcode;
			sourceTree = "<group>";
		};
		3AFCFB90285369D000220ED8 /* Food */ = {
			isa = PBXGroup;
			children = (
				3AFCFB9728536A0F00220ED8 /* FoodView.swift */,
				3AFCFB9E28536A5800220ED8 /* FoodVM.swift */,
				3AFCFBA028536AAE00220ED8 /* PFoodVM.swift */,
			);
			path = Food;
			sourceTree = "<group>";
		};
		3AFCFB9928536A1300220ED8 /* Main */ = {
			isa = PBXGroup;
			children = (
				3AFCFB9A28536A1E00220ED8 /* MainNC.storyboard */,
				3AFCFB9C28536A2500220ED8 /* MainNC.swift */,
			);
			path = Main;
			sourceTree = "<group>";
		};
/* End PBXGroup section */

/* Begin PBXNativeTarget section */
		3AFCFB75285368C600220ED8 /* ConferoTT */ = {
			isa = PBXNativeTarget;
			buildConfigurationList = 3AFCFB88285368C700220ED8 /* Build configuration list for PBXNativeTarget "ConferoTT" */;
			buildPhases = (
				3AFCFB72285368C600220ED8 /* Sources */,
				3AFCFB73285368C600220ED8 /* Frameworks */,
				3AFCFB74285368C600220ED8 /* Resources */,
			);
			buildRules = (
			);
			dependencies = (
			);
			name = ConferoTT;
			productName = ConferoTT;
			productReference = 3AFCFB76285368C600220ED8 /* ConferoTT.app */;
			productType = "com.apple.product-type.application";
		};
/* End PBXNativeTarget section */

/* Begin PBXProject section */
		3AFCFB6C285368A900220ED8 /* Project object */ = {
			isa = PBXProject;
			attributes = {
				BuildIndependentTargetsInParallel = 1;
				LastSwiftUpdateCheck = 1300;
				LastUpgradeCheck = 1300;
				TargetAttributes = {
					3AFCFB75285368C600220ED8 = {
						CreatedOnToolsVersion = 13.0;
					};
				};
			};
			buildConfigurationList = 3AFCFB6F285368A900220ED8 /* Build configuration list for PBXProject "ConferoTestTask" */;
			compatibilityVersion = "Xcode 13.0";
			developmentRegion = en;
			hasScannedForEncodings = 0;
			knownRegions = (
				en,
				Base,
			);
			mainGroup = 3AFCFB6B285368A900220ED8;
			productRefGroup = 3AFCFB77285368C600220ED8 /* Products */;
			projectDirPath = "";
			projectRoot = "";
			targets = (
				3AFCFB75285368C600220ED8 /* ConferoTT */,
			);
		};
/* End PBXProject section */

/* Begin PBXResourcesBuildPhase section */
		3AFCFB74285368C600220ED8 /* Resources */ = {
			isa = PBXResourcesBuildPhase;
			buildActionMask = 2147483647;
			files = (
				3AFCFB86285368C700220ED8 /* LaunchScreen.storyboard in Resources */,
				3AFCFB83285368C700220ED8 /* Assets.xcassets in Resources */,
				3AFCFB92285369E700220ED8 /* PasscodeVC.storyboard in Resources */,
				3AFCFB9B28536A1E00220ED8 /* MainNC.storyboard in Resources */,
			);
			runOnlyForDeploymentPostprocessing = 0;
		};
/* End PBXResourcesBuildPhase section */

/* Begin PBXSourcesBuildPhase section */
		3AFCFB72285368C600220ED8 /* Sources */ = {
			isa = PBXSourcesBuildPhase;
			buildActionMask = 2147483647;
			files = (
				3AFCFB9F28536A5800220ED8 /* FoodVM.swift in Sources */,
				3AFCFB9828536A0F00220ED8 /* FoodView.swift in Sources */,
				3AFCFB7A285368C600220ED8 /* AppDelegate.swift in Sources */,
				3AFCFBA128536AAE00220ED8 /* PFoodVM.swift in Sources */,
				3AFCFB96285369FC00220ED8 /* PasscodeVM.swift in Sources */,
				3AFCFB94285369F100220ED8 /* PasscodeVC.swift in Sources */,
				3AFCFB7C285368C600220ED8 /* SceneDelegate.swift in Sources */,
				3AFCFB9D28536A2500220ED8 /* MainNC.swift in Sources */,
				3AFCFBA328536ADD00220ED8 /* PPasscodeVM.swift in Sources */,
			);
			runOnlyForDeploymentPostprocessing = 0;
		};
/* End PBXSourcesBuildPhase section */

/* Begin PBXVariantGroup section */
		3AFCFB84285368C700220ED8 /* LaunchScreen.storyboard */ = {
			isa = PBXVariantGroup;
			children = (
				3AFCFB85285368C700220ED8 /* Base */,
			);
			name = LaunchScreen.storyboard;
			sourceTree = "<group>";
		};
/* End PBXVariantGroup section */

/* Begin XCBuildConfiguration section */
		3AFCFB70285368A900220ED8 /* Debug */ = {
			isa = XCBuildConfiguration;
			buildSettings = {
			};
			name = Debug;
		};
		3AFCFB71285368A900220ED8 /* Release */ = {
			isa = XCBuildConfiguration;
			buildSettings = {
			};
			name = Release;
		};
		3AFCFB89285368C700220ED8 /* Debug */ = {
			isa = XCBuildConfiguration;
			buildSettings = {
				ALWAYS_SEARCH_USER_PATHS = NO;
				ASSETCATALOG_COMPILER_APPICON_NAME = AppIcon;
				ASSETCATALOG_COMPILER_GLOBAL_ACCENT_COLOR_NAME = AccentColor;
				CLANG_ANALYZER_NONNULL = YES;
				CLANG_ANALYZER_NUMBER_OBJECT_CONVERSION = YES_AGGRESSIVE;
				CLANG_CXX_LANGUAGE_STANDARD = "gnu++17";
				CLANG_CXX_LIBRARY = "libc++";
				CLANG_ENABLE_MODULES = YES;
				CLANG_ENABLE_OBJC_ARC = YES;
				CLANG_ENABLE_OBJC_WEAK = YES;
				CLANG_WARN_BLOCK_CAPTURE_AUTORELEASING = YES;
				CLANG_WARN_BOOL_CONVERSION = YES;
				CLANG_WARN_COMMA = YES;
				CLANG_WARN_CONSTANT_CONVERSION = YES;
				CLANG_WARN_DEPRECATED_OBJC_IMPLEMENTATIONS = YES;
				CLANG_WARN_DIRECT_OBJC_ISA_USAGE = YES_ERROR;
				CLANG_WARN_DOCUMENTATION_COMMENTS = YES;
				CLANG_WARN_EMPTY_BODY = YES;
				CLANG_WARN_ENUM_CONVERSION = YES;
				CLANG_WARN_INFINITE_RECURSION = YES;
				CLANG_WARN_INT_CONVERSION = YES;
				CLANG_WARN_NON_LITERAL_NULL_CONVERSION = YES;
				CLANG_WARN_OBJC_IMPLICIT_RETAIN_SELF = YES;
				CLANG_WARN_OBJC_LITERAL_CONVERSION = YES;
				CLANG_WARN_OBJC_ROOT_CLASS = YES_ERROR;
				CLANG_WARN_QUOTED_INCLUDE_IN_FRAMEWORK_HEADER = YES;
				CLANG_WARN_RANGE_LOOP_ANALYSIS = YES;
				CLANG_WARN_STRICT_PROTOTYPES = YES;
				CLANG_WARN_SUSPICIOUS_MOVE = YES;
				CLANG_WARN_UNGUARDED_AVAILABILITY = YES_AGGRESSIVE;
				CLANG_WARN_UNREACHABLE_CODE = YES;
				CLANG_WARN__DUPLICATE_METHOD_MATCH = YES;
				CODE_SIGN_STYLE = Automatic;
				COPY_PHASE_STRIP = NO;
				CURRENT_PROJECT_VERSION = 1;
				DEBUG_INFORMATION_FORMAT = dwarf;
				DEVELOPMENT_TEAM = 3HY2N64MXA;
				ENABLE_STRICT_OBJC_MSGSEND = YES;
				ENABLE_TESTABILITY = YES;
				GCC_C_LANGUAGE_STANDARD = gnu11;
				GCC_DYNAMIC_NO_PIC = NO;
				GCC_NO_COMMON_BLOCKS = YES;
				GCC_OPTIMIZATION_LEVEL = 0;
				GCC_PREPROCESSOR_DEFINITIONS = (
					"DEBUG=1",
					"$(inherited)",
				);
				GCC_WARN_64_TO_32_BIT_CONVERSION = YES;
				GCC_WARN_ABOUT_RETURN_TYPE = YES_ERROR;
				GCC_WARN_UNDECLARED_SELECTOR = YES;
				GCC_WARN_UNINITIALIZED_AUTOS = YES_AGGRESSIVE;
				GCC_WARN_UNUSED_FUNCTION = YES;
				GCC_WARN_UNUSED_VARIABLE = YES;
				GENERATE_INFOPLIST_FILE = YES;
				INFOPLIST_FILE = ConferoTT/Resources/Info.plist;
				INFOPLIST_KEY_UIApplicationSupportsIndirectInputEvents = YES;
				INFOPLIST_KEY_UILaunchStoryboardName = LaunchScreen;
				INFOPLIST_KEY_UISupportedInterfaceOrientations_iPad = "UIInterfaceOrientationPortrait UIInterfaceOrientationPortraitUpsideDown UIInterfaceOrientationLandscapeLeft UIInterfaceOrientationLandscapeRight";
				INFOPLIST_KEY_UISupportedInterfaceOrientations_iPhone = "UIInterfaceOrientationPortrait UIInterfaceOrientationLandscapeLeft UIInterfaceOrientationLandscapeRight";
				IPHONEOS_DEPLOYMENT_TARGET = 13.0;
				LD_RUNPATH_SEARCH_PATHS = (
					"$(inherited)",
					"@executable_path/Frameworks",
				);
				MARKETING_VERSION = 1.0;
				MTL_ENABLE_DEBUG_INFO = INCLUDE_SOURCE;
				MTL_FAST_MATH = YES;
				ONLY_ACTIVE_ARCH = YES;
				PRODUCT_BUNDLE_IDENTIFIER = ao.ConferoTT;
				PRODUCT_NAME = "$(TARGET_NAME)";
				SDKROOT = iphoneos;
				SWIFT_ACTIVE_COMPILATION_CONDITIONS = DEBUG;
				SWIFT_EMIT_LOC_STRINGS = YES;
				SWIFT_OPTIMIZATION_LEVEL = "-Onone";
				SWIFT_VERSION = 5.0;
				TARGETED_DEVICE_FAMILY = "1,2";
			};
			name = Debug;
		};
		3AFCFB8A285368C700220ED8 /* Release */ = {
			isa = XCBuildConfiguration;
			buildSettings = {
				ALWAYS_SEARCH_USER_PATHS = NO;
				ASSETCATALOG_COMPILER_APPICON_NAME = AppIcon;
				ASSETCATALOG_COMPILER_GLOBAL_ACCENT_COLOR_NAME = AccentColor;
				CLANG_ANALYZER_NONNULL = YES;
				CLANG_ANALYZER_NUMBER_OBJECT_CONVERSION = YES_AGGRESSIVE;
				CLANG_CXX_LANGUAGE_STANDARD = "gnu++17";
				CLANG_CXX_LIBRARY = "libc++";
				CLANG_ENABLE_MODULES = YES;
				CLANG_ENABLE_OBJC_ARC = YES;
				CLANG_ENABLE_OBJC_WEAK = YES;
				CLANG_WARN_BLOCK_CAPTURE_AUTORELEASING = YES;
				CLANG_WARN_BOOL_CONVERSION = YES;
				CLANG_WARN_COMMA = YES;
				CLANG_WARN_CONSTANT_CONVERSION = YES;
				CLANG_WARN_DEPRECATED_OBJC_IMPLEMENTATIONS = YES;
				CLANG_WARN_DIRECT_OBJC_ISA_USAGE = YES_ERROR;
				CLANG_WARN_DOCUMENTATION_COMMENTS = YES;
				CLANG_WARN_EMPTY_BODY = YES;
				CLANG_WARN_ENUM_CONVERSION = YES;
				CLANG_WARN_INFINITE_RECURSION = YES;
				CLANG_WARN_INT_CONVERSION = YES;
				CLANG_WARN_NON_LITERAL_NULL_CONVERSION = YES;
				CLANG_WARN_OBJC_IMPLICIT_RETAIN_SELF = YES;
				CLANG_WARN_OBJC_LITERAL_CONVERSION = YES;
				CLANG_WARN_OBJC_ROOT_CLASS = YES_ERROR;
				CLANG_WARN_QUOTED_INCLUDE_IN_FRAMEWORK_HEADER = YES;
				CLANG_WARN_RANGE_LOOP_ANALYSIS = YES;
				CLANG_WARN_STRICT_PROTOTYPES = YES;
				CLANG_WARN_SUSPICIOUS_MOVE = YES;
				CLANG_WARN_UNGUARDED_AVAILABILITY = YES_AGGRESSIVE;
				CLANG_WARN_UNREACHABLE_CODE = YES;
				CLANG_WARN__DUPLICATE_METHOD_MATCH = YES;
				CODE_SIGN_STYLE = Automatic;
				COPY_PHASE_STRIP = NO;
				CURRENT_PROJECT_VERSION = 1;
				DEBUG_INFORMATION_FORMAT = "dwarf-with-dsym";
				DEVELOPMENT_TEAM = 3HY2N64MXA;
				ENABLE_NS_ASSERTIONS = NO;
				ENABLE_STRICT_OBJC_MSGSEND = YES;
				GCC_C_LANGUAGE_STANDARD = gnu11;
				GCC_NO_COMMON_BLOCKS = YES;
				GCC_WARN_64_TO_32_BIT_CONVERSION = YES;
				GCC_WARN_ABOUT_RETURN_TYPE = YES_ERROR;
				GCC_WARN_UNDECLARED_SELECTOR = YES;
				GCC_WARN_UNINITIALIZED_AUTOS = YES_AGGRESSIVE;
				GCC_WARN_UNUSED_FUNCTION = YES;
				GCC_WARN_UNUSED_VARIABLE = YES;
				GENERATE_INFOPLIST_FILE = YES;
				INFOPLIST_FILE = ConferoTT/Resources/Info.plist;
				INFOPLIST_KEY_UIApplicationSupportsIndirectInputEvents = YES;
				INFOPLIST_KEY_UILaunchStoryboardName = LaunchScreen;
				INFOPLIST_KEY_UISupportedInterfaceOrientations_iPad = "UIInterfaceOrientationPortrait UIInterfaceOrientationPortraitUpsideDown UIInterfaceOrientationLandscapeLeft UIInterfaceOrientationLandscapeRight";
				INFOPLIST_KEY_UISupportedInterfaceOrientations_iPhone = "UIInterfaceOrientationPortrait UIInterfaceOrientationLandscapeLeft UIInterfaceOrientationLandscapeRight";
				IPHONEOS_DEPLOYMENT_TARGET = 13.0;
				LD_RUNPATH_SEARCH_PATHS = (
					"$(inherited)",
					"@executable_path/Frameworks",
				);
				MARKETING_VERSION = 1.0;
				MTL_ENABLE_DEBUG_INFO = NO;
				MTL_FAST_MATH = YES;
				PRODUCT_BUNDLE_IDENTIFIER = ao.ConferoTT;
				PRODUCT_NAME = "$(TARGET_NAME)";
				SDKROOT = iphoneos;
				SWIFT_COMPILATION_MODE = wholemodule;
				SWIFT_EMIT_LOC_STRINGS = YES;
				SWIFT_OPTIMIZATION_LEVEL = "-O";
				SWIFT_VERSION = 5.0;
				TARGETED_DEVICE_FAMILY = "1,2";
				VALIDATE_PRODUCT = YES;
			};
			name = Release;
		};
/* End XCBuildConfiguration section */

/* Begin XCConfigurationList section */
		3AFCFB6F285368A900220ED8 /* Build configuration list for PBXProject "ConferoTestTask" */ = {
			isa = XCConfigurationList;
			buildConfigurations = (
				3AFCFB70285368A900220ED8 /* Debug */,
				3AFCFB71285368A900220ED8 /* Release */,
			);
			defaultConfigurationIsVisible = 0;
			defaultConfigurationName = Release;
		};
		3AFCFB88285368C700220ED8 /* Build configuration list for PBXNativeTarget "ConferoTT" */ = {
			isa = XCConfigurationList;
			buildConfigurations = (
				3AFCFB89285368C700220ED8 /* Debug */,
				3AFCFB8A285368C700220ED8 /* Release */,
			);
			defaultConfigurationIsVisible = 0;
			defaultConfigurationName = Release;
		};
/* End XCConfigurationList section */
	};
	rootObject = 3AFCFB6C285368A900220ED8 /* Project object */;
}
