{
  "object": {
    "pins": [
      {
        "package": "Multitool",
        "repositoryURL": "https://github.com/AsioOtus/Multitool",
        "state": {
          "branch": "master",
          "revision": "741e90a066dd75181db3654c40ac542389db6264",
          "version": null
        }
      },
      {
        "package": "Nivelir",
        "repositoryURL": "https://github.com/hhru/Nivelir",
        "state": {
          "branch": null,
          "revision": "6730b8e0b0b8141904afdfe6809596ad7fd6944c",
          "version": "1.2.2"
        }
      }
    ]
  },
  "version": 1
}
